Microsoft Visual Studio Solution File, Format Version 12.00
# Visual Studio Version 17
VisualStudioVersion = 17.11.35303.130
MinimumVisualStudioVersion = 10.0.40219.1
Project("{2150E333-8FDC-42A3-9474-1A3956D46DE8}") = "docs", "docs", "{7040AFE8-391D-452B-BC2E-7B1F2A08E200}"
	ProjectSection(SolutionItems) = preProject
		docs\ReadMe.md = docs\ReadMe.md
	EndProjectSection
EndProject
Project("{2150E333-8FDC-42A3-9474-1A3956D46DE8}") = "gfx", "gfx", "{F70CDB38-8BD8-49F9-B9B5-AC487CE6F2C5}"
	ProjectSection(SolutionItems) = preProject
		gfx\ReadMe.md = gfx\ReadMe.md
	EndProjectSection
EndProject
Project("{2150E333-8FDC-42A3-9474-1A3956D46DE8}") = "src", "src", "{3741D3DB-4135-424B-8F3D-93DDC38B39F5}"
	ProjectSection(SolutionItems) = preProject
		src\ReadMe.md = src\ReadMe.md
	EndProjectSection
EndProject
Project("{2150E333-8FDC-42A3-9474-1A3956D46DE8}") = "tests", "tests", "{EC33CD90-8AA7-4103-A8FA-28D8DC3C7C7B}"
	ProjectSection(SolutionItems) = preProject
		tests\ReadMe.md = tests\ReadMe.md
	EndProjectSection
EndProject
Project("{2150E333-8FDC-42A3-9474-1A3956D46DE8}") = "UnitTests", "UnitTests", "{B5599B04-96C4-438F-88EC-FA10B23A808F}"
	ProjectSection(SolutionItems) = preProject
		tests\UnitTests\ReadMe.md = tests\UnitTests\ReadMe.md
	EndProjectSection
EndProject
Project("{2150E333-8FDC-42A3-9474-1A3956D46DE8}") = "IntegrationTests", "IntegrationTests", "{F58980E1-CEAD-4DD1-A533-33A5403ABA49}"
	ProjectSection(SolutionItems) = preProject
		tests\IntegrationTests\ReadMe.md = tests\IntegrationTests\ReadMe.md
	EndProjectSection
EndProject
Project("{2150E333-8FDC-42A3-9474-1A3956D46DE8}") = "Solution Items", "Solution Items", "{EBB4AC2B-AE42-4637-B6D7-AE92C85DC09F}"
	ProjectSection(SolutionItems) = preProject
		.gitignore = .gitignore
		Directory.Build.props = Directory.Build.props
		LICENSE = LICENSE
		README.md = README.md
	EndProjectSection
EndProject
Project("{2150E333-8FDC-42A3-9474-1A3956D46DE8}") = ".github", ".github", "{05DE13AC-8A7B-4682-8F22-FC79F62411A5}"
	ProjectSection(SolutionItems) = preProject
		.github\copilot-instructions.md = .github\copilot-instructions.md
	EndProjectSection
EndProject
Project("{FAE04EC0-301F-11D3-BF4B-00C04F79EFBC}") = "QueryImposter.Ifx", "src\QueryImposter.Ifx\QueryImposter.Ifx.csproj", "{3785DB02-F6E3-4EC1-B129-762C8264087F}"
EndProject
Project("{FAE04EC0-301F-11D3-BF4B-00C04F79EFBC}") = "QueryImposter.Host", "src\QueryImposter.Host\QueryImposter.Host.csproj", "{0D7A27DB-CD66-4898-8ACA-AA7F7E19478E}"
EndProject
Project("{FAE04EC0-301F-11D3-BF4B-00C04F79EFBC}") = "QueryImposter", "src\QueryImposter\QueryImposter.csproj", "{AF294E5A-07A9-4EE2-90FC-E4124C08FB95}"
EndProject
Global
	GlobalSection(SolutionConfigurationPlatforms) = preSolution
		Debug|Any CPU = Debug|Any CPU
		Release|Any CPU = Release|Any CPU
	EndGlobalSection
	GlobalSection(ProjectConfigurationPlatforms) = postSolution
		{3785DB02-F6E3-4EC1-B129-762C8264087F}.Debug|Any CPU.ActiveCfg = Debug|Any CPU
		{3785DB02-F6E3-4EC1-B129-762C8264087F}.Debug|Any CPU.Build.0 = Debug|Any CPU
		{3785DB02-F6E3-4EC1-B129-762C8264087F}.Release|Any CPU.ActiveCfg = Release|Any CPU
		{3785DB02-F6E3-4EC1-B129-762C8264087F}.Release|Any CPU.Build.0 = Release|Any CPU
		{0D7A27DB-CD66-4898-8ACA-AA7F7E19478E}.Debug|Any CPU.ActiveCfg = Debug|Any CPU
		{0D7A27DB-CD66-4898-8ACA-AA7F7E19478E}.Debug|Any CPU.Build.0 = Debug|Any CPU
		{0D7A27DB-CD66-4898-8ACA-AA7F7E19478E}.Release|Any CPU.ActiveCfg = Release|Any CPU
		{0D7A27DB-CD66-4898-8ACA-AA7F7E19478E}.Release|Any CPU.Build.0 = Release|Any CPU
		{AF294E5A-07A9-4EE2-90FC-E4124C08FB95}.Debug|Any CPU.ActiveCfg = Debug|Any CPU
		{AF294E5A-07A9-4EE2-90FC-E4124C08FB95}.Debug|Any CPU.Build.0 = Debug|Any CPU
		{AF294E5A-07A9-4EE2-90FC-E4124C08FB95}.Release|Any CPU.ActiveCfg = Release|Any CPU
		{AF294E5A-07A9-4EE2-90FC-E4124C08FB95}.Release|Any CPU.Build.0 = Release|Any CPU
	EndGlobalSection
	GlobalSection(SolutionProperties) = preSolution
		HideSolutionNode = FALSE
	EndGlobalSection
	GlobalSection(NestedProjects) = preSolution
		{B5599B04-96C4-438F-88EC-FA10B23A808F} = {EC33CD90-8AA7-4103-A8FA-28D8DC3C7C7B}
		{F58980E1-CEAD-4DD1-A533-33A5403ABA49} = {EC33CD90-8AA7-4103-A8FA-28D8DC3C7C7B}
		{3785DB02-F6E3-4EC1-B129-762C8264087F} = {3741D3DB-4135-424B-8F3D-93DDC38B39F5}
		{0D7A27DB-CD66-4898-8ACA-AA7F7E19478E} = {3741D3DB-4135-424B-8F3D-93DDC38B39F5}
		{AF294E5A-07A9-4EE2-90FC-E4124C08FB95} = {3741D3DB-4135-424B-8F3D-93DDC38B39F5}
	EndGlobalSection
	GlobalSection(ExtensibilityGlobals) = postSolution
		FileExplorer = docs\|gfx\|src\|tests\
		SolutionGuid = {21F0F0A0-DB77-4D0D-834D-3863113E788A}
	EndGlobalSection
EndGlobal
